
Microsoft Visual Studio Solution File, Format Version 12.00
# Visual Studio Version 16
VisualStudioVersion = 16.0.30128.74
MinimumVisualStudioVersion = 10.0.40219.1
Project("{FAE04EC0-301F-11D3-BF4B-00C04F79EFBC}") = "MyMVCApplication", "MyMVCApplication\MyMVCApplication.csproj", "{08BA1D5D-377E-48FB-861E-135FF31EDBF4}"
EndProject
Global
	GlobalSection(SolutionConfigurationPlatforms) = preSolution
		Debug|Any CPU = Debug|Any CPU
		Release|Any CPU = Release|Any CPU
	EndGlobalSection
	GlobalSection(ProjectConfigurationPlatforms) = postSolution
		{08BA1D5D-377E-48FB-861E-135FF31EDBF4}.Debug|Any CPU.ActiveCfg = Debug|Any CPU
		{08BA1D5D-377E-48FB-861E-135FF31EDBF4}.Debug|Any CPU.Build.0 = Debug|Any CPU
		{08BA1D5D-377E-48FB-861E-135FF31EDBF4}.Release|Any CPU.ActiveCfg = Release|Any CPU
		{08BA1D5D-377E-48FB-861E-135FF31EDBF4}.Release|Any CPU.Build.0 = Release|Any CPU
	EndGlobalSection
	GlobalSection(SolutionProperties) = preSolution
		HideSolutionNode = FALSE
	EndGlobalSection
	GlobalSection(ExtensibilityGlobals) = postSolution
		SolutionGuid = {BBB5FA05-6623-4249-94BB-8806E90F7D9B}
	EndGlobalSection
EndGlobal
